// !$*UTF8*$!
{
	archiveVersion = 1;
	classes = {
	};
	objectVersion = 46;
	objects = {

/* Begin PBXBuildFile section */
		4DCB49AD1DAD51AC0058DAD6 /* main.m in Sources */ = {isa = PBXBuildFile; fileRef = 4DCB49AC1DAD51AC0058DAD6 /* main.m */; };
		4DCB49B01DAD51AC0058DAD6 /* AppDelegate.m in Sources */ = {isa = PBXBuildFile; fileRef = 4DCB49AF1DAD51AC0058DAD6 /* AppDelegate.m */; };
		4DCB49B81DAD51AC0058DAD6 /* Assets.xcassets in Resources */ = {isa = PBXBuildFile; fileRef = 4DCB49B71DAD51AC0058DAD6 /* Assets.xcassets */; };
		4DCB49BB1DAD51AC0058DAD6 /* LaunchScreen.storyboard in Resources */ = {isa = PBXBuildFile; fileRef = 4DCB49B91DAD51AC0058DAD6 /* LaunchScreen.storyboard */; };
		4DCB49C61DAD51AC0058DAD6 /* GoEuroSampleTests.m in Sources */ = {isa = PBXBuildFile; fileRef = 4DCB49C51DAD51AC0058DAD6 /* GoEuroSampleTests.m */; };
		4DCB49D11DAD51AC0058DAD6 /* GoEuroSampleUITests.m in Sources */ = {isa = PBXBuildFile; fileRef = 4DCB49D01DAD51AC0058DAD6 /* GoEuroSampleUITests.m */; };
		4DCB49E31DAD524B0058DAD6 /* ViewController.m in Sources */ = {isa = PBXBuildFile; fileRef = 4DCB49DF1DAD524B0058DAD6 /* ViewController.m */; };
		4DCB49E41DAD524B0058DAD6 /* ListCell.m in Sources */ = {isa = PBXBuildFile; fileRef = 4DCB49E11DAD524B0058DAD6 /* ListCell.m */; };
		4DCB49E51DAD524B0058DAD6 /* Main.storyboard in Resources */ = {isa = PBXBuildFile; fileRef = 4DCB49E21DAD524B0058DAD6 /* Main.storyboard */; };
/* End PBXBuildFile section */

/* Begin PBXContainerItemProxy section */
		4DCB49C21DAD51AC0058DAD6 /* PBXContainerItemProxy */ = {
			isa = PBXContainerItemProxy;
			containerPortal = 4DCB49A01DAD51AC0058DAD6 /* Project object */;
			proxyType = 1;
			remoteGlobalIDString = 4DCB49A71DAD51AC0058DAD6;
			remoteInfo = GoEuroSample;
		};
		4DCB49CD1DAD51AC0058DAD6 /* PBXContainerItemProxy */ = {
			isa = PBXContainerItemProxy;
			containerPortal = 4DCB49A01DAD51AC0058DAD6 /* Project object */;
			proxyType = 1;
			remoteGlobalIDString = 4DCB49A71DAD51AC0058DAD6;
			remoteInfo = GoEuroSample;
		};
/* End PBXContainerItemProxy section */

/* Begin PBXFileReference section */
		4DCB49A81DAD51AC0058DAD6 /* GoEuroSample.app */ = {isa = PBXFileReference; explicitFileType = wrapper.application; includeInIndex = 0; path = GoEuroSample.app; sourceTree = BUILT_PRODUCTS_DIR; };
		4DCB49AC1DAD51AC0058DAD6 /* main.m */ = {isa = PBXFileReference; lastKnownFileType = sourcecode.c.objc; path = main.m; sourceTree = "<group>"; };
		4DCB49AE1DAD51AC0058DAD6 /* AppDelegate.h */ = {isa = PBXFileReference; lastKnownFileType = sourcecode.c.h; path = AppDelegate.h; sourceTree = "<group>"; };
		4DCB49AF1DAD51AC0058DAD6 /* AppDelegate.m */ = {isa = PBXFileReference; lastKnownFileType = sourcecode.c.objc; path = AppDelegate.m; sourceTree = "<group>"; };
		4DCB49B71DAD51AC0058DAD6 /* Assets.xcassets */ = {isa = PBXFileReference; lastKnownFileType = folder.assetcatalog; path = Assets.xcassets; sourceTree = "<group>"; };
		4DCB49BA1DAD51AC0058DAD6 /* Base */ = {isa = PBXFileReference; lastKnownFileType = file.storyboard; name = Base; path = Base.lproj/LaunchScreen.storyboard; sourceTree = "<group>"; };
		4DCB49BC1DAD51AC0058DAD6 /* Info.plist */ = {isa = PBXFileReference; lastKnownFileType = text.plist.xml; path = Info.plist; sourceTree = "<group>"; };
		4DCB49C11DAD51AC0058DAD6 /* GoEuroSampleTests.xctest */ = {isa = PBXFileReference; explicitFileType = wrapper.cfbundle; includeInIndex = 0; path = GoEuroSampleTests.xctest; sourceTree = BUILT_PRODUCTS_DIR; };
		4DCB49C51DAD51AC0058DAD6 /* GoEuroSampleTests.m */ = {isa = PBXFileReference; lastKnownFileType = sourcecode.c.objc; path = GoEuroSampleTests.m; sourceTree = "<group>"; };
		4DCB49C71DAD51AC0058DAD6 /* Info.plist */ = {isa = PBXFileReference; lastKnownFileType = text.plist.xml; path = Info.plist; sourceTree = "<group>"; };
		4DCB49CC1DAD51AC0058DAD6 /* GoEuroSampleUITests.xctest */ = {isa = PBXFileReference; explicitFileType = wrapper.cfbundle; includeInIndex = 0; path = GoEuroSampleUITests.xctest; sourceTree = BUILT_PRODUCTS_DIR; };
		4DCB49D01DAD51AC0058DAD6 /* GoEuroSampleUITests.m */ = {isa = PBXFileReference; lastKnownFileType = sourcecode.c.objc; path = GoEuroSampleUITests.m; sourceTree = "<group>"; };
		4DCB49D21DAD51AC0058DAD6 /* Info.plist */ = {isa = PBXFileReference; lastKnownFileType = text.plist.xml; path = Info.plist; sourceTree = "<group>"; };
		4DCB49DE1DAD524B0058DAD6 /* ViewController.h */ = {isa = PBXFileReference; fileEncoding = 4; lastKnownFileType = sourcecode.c.h; path = ViewController.h; sourceTree = "<group>"; };
		4DCB49DF1DAD524B0058DAD6 /* ViewController.m */ = {isa = PBXFileReference; fileEncoding = 4; lastKnownFileType = sourcecode.c.objc; path = ViewController.m; sourceTree = "<group>"; };
		4DCB49E01DAD524B0058DAD6 /* ListCell.h */ = {isa = PBXFileReference; fileEncoding = 4; lastKnownFileType = sourcecode.c.h; path = ListCell.h; sourceTree = "<group>"; };
		4DCB49E11DAD524B0058DAD6 /* ListCell.m */ = {isa = PBXFileReference; fileEncoding = 4; lastKnownFileType = sourcecode.c.objc; path = ListCell.m; sourceTree = "<group>"; };
		4DCB49E21DAD524B0058DAD6 /* Main.storyboard */ = {isa = PBXFileReference; fileEncoding = 4; lastKnownFileType = file.storyboard; path = Main.storyboard; sourceTree = "<group>"; };
/* End PBXFileReference section */

/* Begin PBXFrameworksBuildPhase section */
		4DCB49A51DAD51AC0058DAD6 /* Frameworks */ = {
			isa = PBXFrameworksBuildPhase;
			buildActionMask = 2147483647;
			files = (
			);
			runOnlyForDeploymentPostprocessing = 0;
		};
		4DCB49BE1DAD51AC0058DAD6 /* Frameworks */ = {
			isa = PBXFrameworksBuildPhase;
			buildActionMask = 2147483647;
			files = (
			);
			runOnlyForDeploymentPostprocessing = 0;
		};
		4DCB49C91DAD51AC0058DAD6 /* Frameworks */ = {
			isa = PBXFrameworksBuildPhase;
			buildActionMask = 2147483647;
			files = (
			);
			runOnlyForDeploymentPostprocessing = 0;
		};
/* End PBXFrameworksBuildPhase section */

/* Begin PBXGroup section */
		4DCB499F1DAD51AC0058DAD6 = {
			isa = PBXGroup;
			children = (
				4DCB49AA1DAD51AC0058DAD6 /* GoEuroSample */,
				4DCB49C41DAD51AC0058DAD6 /* GoEuroSampleTests */,
				4DCB49CF1DAD51AC0058DAD6 /* GoEuroSampleUITests */,
				4DCB49A91DAD51AC0058DAD6 /* Products */,
			);
			sourceTree = "<group>";
		};
		4DCB49A91DAD51AC0058DAD6 /* Products */ = {
			isa = PBXGroup;
			children = (
				4DCB49A81DAD51AC0058DAD6 /* GoEuroSample.app */,
				4DCB49C11DAD51AC0058DAD6 /* GoEuroSampleTests.xctest */,
				4DCB49CC1DAD51AC0058DAD6 /* GoEuroSampleUITests.xctest */,
			);
			name = Products;
			sourceTree = "<group>";
		};
		4DCB49AA1DAD51AC0058DAD6 /* GoEuroSample */ = {
			isa = PBXGroup;
			children = (
				4DCB49AE1DAD51AC0058DAD6 /* AppDelegate.h */,
				4DCB49AF1DAD51AC0058DAD6 /* AppDelegate.m */,
				4DCB49DE1DAD524B0058DAD6 /* ViewController.h */,
				4DCB49DF1DAD524B0058DAD6 /* ViewController.m */,
				4DCB49E01DAD524B0058DAD6 /* ListCell.h */,
				4DCB49E11DAD524B0058DAD6 /* ListCell.m */,
				4DCB49E21DAD524B0058DAD6 /* Main.storyboard */,
				4DCB49B71DAD51AC0058DAD6 /* Assets.xcassets */,
				4DCB49B91DAD51AC0058DAD6 /* LaunchScreen.storyboard */,
				4DCB49BC1DAD51AC0058DAD6 /* Info.plist */,
				4DCB49AB1DAD51AC0058DAD6 /* Supporting Files */,
			);
			path = GoEuroSample;
			sourceTree = "<group>";
		};
		4DCB49AB1DAD51AC0058DAD6 /* Supporting Files */ = {
			isa = PBXGroup;
			children = (
				4DCB49AC1DAD51AC0058DAD6 /* main.m */,
			);
			name = "Supporting Files";
			sourceTree = "<group>";
		};
		4DCB49C41DAD51AC0058DAD6 /* GoEuroSampleTests */ = {
			isa = PBXGroup;
			children = (
				4DCB49C51DAD51AC0058DAD6 /* GoEuroSampleTests.m */,
				4DCB49C71DAD51AC0058DAD6 /* Info.plist */,
			);
			path = GoEuroSampleTests;
			sourceTree = "<group>";
		};
		4DCB49CF1DAD51AC0058DAD6 /* GoEuroSampleUITests */ = {
			isa = PBXGroup;
			children = (
				4DCB49D01DAD51AC0058DAD6 /* GoEuroSampleUITests.m */,
				4DCB49D21DAD51AC0058DAD6 /* Info.plist */,
			);
			path = GoEuroSampleUITests;
			sourceTree = "<group>";
		};
/* End PBXGroup section */

/* Begin PBXNativeTarget section */
		4DCB49A71DAD51AC0058DAD6 /* GoEuroSample */ = {
			isa = PBXNativeTarget;
			buildConfigurationList = 4DCB49D51DAD51AC0058DAD6 /* Build configuration list for PBXNativeTarget "GoEuroSample" */;
			buildPhases = (
				4DCB49A41DAD51AC0058DAD6 /* Sources */,
				4DCB49A51DAD51AC0058DAD6 /* Frameworks */,
				4DCB49A61DAD51AC0058DAD6 /* Resources */,
			);
			buildRules = (
			);
			dependencies = (
			);
			name = GoEuroSample;
			productName = GoEuroSample;
			productReference = 4DCB49A81DAD51AC0058DAD6 /* GoEuroSample.app */;
			productType = "com.apple.product-type.application";
		};
		4DCB49C01DAD51AC0058DAD6 /* GoEuroSampleTests */ = {
			isa = PBXNativeTarget;
			buildConfigurationList = 4DCB49D81DAD51AC0058DAD6 /* Build configuration list for PBXNativeTarget "GoEuroSampleTests" */;
			buildPhases = (
				4DCB49BD1DAD51AC0058DAD6 /* Sources */,
				4DCB49BE1DAD51AC0058DAD6 /* Frameworks */,
				4DCB49BF1DAD51AC0058DAD6 /* Resources */,
			);
			buildRules = (
			);
			dependencies = (
				4DCB49C31DAD51AC0058DAD6 /* PBXTargetDependency */,
			);
			name = GoEuroSampleTests;
			productName = GoEuroSampleTests;
			productReference = 4DCB49C11DAD51AC0058DAD6 /* GoEuroSampleTests.xctest */;
			productType = "com.apple.product-type.bundle.unit-test";
		};
		4DCB49CB1DAD51AC0058DAD6 /* GoEuroSampleUITests */ = {
			isa = PBXNativeTarget;
			buildConfigurationList = 4DCB49DB1DAD51AC0058DAD6 /* Build configuration list for PBXNativeTarget "GoEuroSampleUITests" */;
			buildPhases = (
				4DCB49C81DAD51AC0058DAD6 /* Sources */,
				4DCB49C91DAD51AC0058DAD6 /* Frameworks */,
				4DCB49CA1DAD51AC0058DAD6 /* Resources */,
			);
			buildRules = (
			);
			dependencies = (
				4DCB49CE1DAD51AC0058DAD6 /* PBXTargetDependency */,
			);
			name = GoEuroSampleUITests;
			productName = GoEuroSampleUITests;
			productReference = 4DCB49CC1DAD51AC0058DAD6 /* GoEuroSampleUITests.xctest */;
			productType = "com.apple.product-type.bundle.ui-testing";
		};
/* End PBXNativeTarget section */

/* Begin PBXProject section */
		4DCB49A01DAD51AC0058DAD6 /* Project object */ = {
			isa = PBXProject;
			attributes = {
				LastUpgradeCheck = 0730;
				ORGANIZATIONNAME = "Ben Joe Mathews";
				TargetAttributes = {
					4DCB49A71DAD51AC0058DAD6 = {
						CreatedOnToolsVersion = 7.3.1;
					};
					4DCB49C01DAD51AC0058DAD6 = {
						CreatedOnToolsVersion = 7.3.1;
						TestTargetID = 4DCB49A71DAD51AC0058DAD6;
					};
					4DCB49CB1DAD51AC0058DAD6 = {
						CreatedOnToolsVersion = 7.3.1;
						TestTargetID = 4DCB49A71DAD51AC0058DAD6;
					};
				};
			};
			buildConfigurationList = 4DCB49A31DAD51AC0058DAD6 /* Build configuration list for PBXProject "GoEuroSample" */;
			compatibilityVersion = "Xcode 3.2";
			developmentRegion = English;
			hasScannedForEncodings = 0;
			knownRegions = (
				en,
				Base,
			);
			mainGroup = 4DCB499F1DAD51AC0058DAD6;
			productRefGroup = 4DCB49A91DAD51AC0058DAD6 /* Products */;
			projectDirPath = "";
			projectRoot = "";
			targets = (
				4DCB49A71DAD51AC0058DAD6 /* GoEuroSample */,
				4DCB49C01DAD51AC0058DAD6 /* GoEuroSampleTests */,
				4DCB49CB1DAD51AC0058DAD6 /* GoEuroSampleUITests */,
			);
		};
/* End PBXProject section */

/* Begin PBXResourcesBuildPhase section */
		4DCB49A61DAD51AC0058DAD6 /* Resources */ = {
			isa = PBXResourcesBuildPhase;
			buildActionMask = 2147483647;
			files = (
				4DCB49E51DAD524B0058DAD6 /* Main.storyboard in Resources */,
				4DCB49BB1DAD51AC0058DAD6 /* LaunchScreen.storyboard in Resources */,
				4DCB49B81DAD51AC0058DAD6 /* Assets.xcassets in Resources */,
			);
			runOnlyForDeploymentPostprocessing = 0;
		};
		4DCB49BF1DAD51AC0058DAD6 /* Resources */ = {
			isa = PBXResourcesBuildPhase;
			buildActionMask = 2147483647;
			files = (
			);
			runOnlyForDeploymentPostprocessing = 0;
		};
		4DCB49CA1DAD51AC0058DAD6 /* Resources */ = {
			isa = PBXResourcesBuildPhase;
			buildActionMask = 2147483647;
			files = (
			);
			runOnlyForDeploymentPostprocessing = 0;
		};
/* End PBXResourcesBuildPhase section */

/* Begin PBXSourcesBuildPhase section */
		4DCB49A41DAD51AC0058DAD6 /* Sources */ = {
			isa = PBXSourcesBuildPhase;
			buildActionMask = 2147483647;
			files = (
				4DCB49E31DAD524B0058DAD6 /* ViewController.m in Sources */,
				4DCB49E41DAD524B0058DAD6 /* ListCell.m in Sources */,
				4DCB49B01DAD51AC0058DAD6 /* AppDelegate.m in Sources */,
				4DCB49AD1DAD51AC0058DAD6 /* main.m in Sources */,
			);
			runOnlyForDeploymentPostprocessing = 0;
		};
		4DCB49BD1DAD51AC0058DAD6 /* Sources */ = {
			isa = PBXSourcesBuildPhase;
			buildActionMask = 2147483647;
			files = (
				4DCB49C61DAD51AC0058DAD6 /* GoEuroSampleTests.m in Sources */,
			);
			runOnlyForDeploymentPostprocessing = 0;
		};
		4DCB49C81DAD51AC0058DAD6 /* Sources */ = {
			isa = PBXSourcesBuildPhase;
			buildActionMask = 2147483647;
			files = (
				4DCB49D11DAD51AC0058DAD6 /* GoEuroSampleUITests.m in Sources */,
			);
			runOnlyForDeploymentPostprocessing = 0;
		};
/* End PBXSourcesBuildPhase section */

/* Begin PBXTargetDependency section */
		4DCB49C31DAD51AC0058DAD6 /* PBXTargetDependency */ = {
			isa = PBXTargetDependency;
			target = 4DCB49A71DAD51AC0058DAD6 /* GoEuroSample */;
			targetProxy = 4DCB49C21DAD51AC0058DAD6 /* PBXContainerItemProxy */;
		};
		4DCB49CE1DAD51AC0058DAD6 /* PBXTargetDependency */ = {
			isa = PBXTargetDependency;
			target = 4DCB49A71DAD51AC0058DAD6 /* GoEuroSample */;
			targetProxy = 4DCB49CD1DAD51AC0058DAD6 /* PBXContainerItemProxy */;
		};
/* End PBXTargetDependency section */

/* Begin PBXVariantGroup section */
		4DCB49B91DAD51AC0058DAD6 /* LaunchScreen.storyboard */ = {
			isa = PBXVariantGroup;
			children = (
				4DCB49BA1DAD51AC0058DAD6 /* Base */,
			);
			name = LaunchScreen.storyboard;
			sourceTree = "<group>";
		};
/* End PBXVariantGroup section */

/* Begin XCBuildConfiguration section */
		4DCB49D31DAD51AC0058DAD6 /* Debug */ = {
			isa = XCBuildConfiguration;
			buildSettings = {
				ALWAYS_SEARCH_USER_PATHS = NO;
				CLANG_ANALYZER_NONNULL = YES;
				CLANG_CXX_LANGUAGE_STANDARD = "gnu++0x";
				CLANG_CXX_LIBRARY = "libc++";
				CLANG_ENABLE_MODULES = YES;
				CLANG_ENABLE_OBJC_ARC = YES;
				CLANG_WARN_BOOL_CONVERSION = YES;
				CLANG_WARN_CONSTANT_CONVERSION = YES;
				CLANG_WARN_DIRECT_OBJC_ISA_USAGE = YES_ERROR;
				CLANG_WARN_EMPTY_BODY = YES;
				CLANG_WARN_ENUM_CONVERSION = YES;
				CLANG_WARN_INT_CONVERSION = YES;
				CLANG_WARN_OBJC_ROOT_CLASS = YES_ERROR;
				CLANG_WARN_UNREACHABLE_CODE = YES;
				CLANG_WARN__DUPLICATE_METHOD_MATCH = YES;
				"CODE_SIGN_IDENTITY[sdk=iphoneos*]" = "iPhone Developer";
				COPY_PHASE_STRIP = NO;
				DEBUG_INFORMATION_FORMAT = dwarf;
				ENABLE_STRICT_OBJC_MSGSEND = YES;
				ENABLE_TESTABILITY = YES;
				GCC_C_LANGUAGE_STANDARD = gnu99;
				GCC_DYNAMIC_NO_PIC = NO;
				GCC_NO_COMMON_BLOCKS = YES;
				GCC_OPTIMIZATION_LEVEL = 0;
				GCC_PREPROCESSOR_DEFINITIONS = (
					"DEBUG=1",
					"$(inherited)",
				);
				GCC_WARN_64_TO_32_BIT_CONVERSION = YES;
				GCC_WARN_ABOUT_RETURN_TYPE = YES_ERROR;
				GCC_WARN_UNDECLARED_SELECTOR = YES;
				GCC_WARN_UNINITIALIZED_AUTOS = YES_AGGRESSIVE;
				GCC_WARN_UNUSED_FUNCTION = YES;
				GCC_WARN_UNUSED_VARIABLE = YES;
				IPHONEOS_DEPLOYMENT_TARGET = 9.3;
				MTL_ENABLE_DEBUG_INFO = YES;
				ONLY_ACTIVE_ARCH = YES;
				SDKROOT = iphoneos;
				TARGETED_DEVICE_FAMILY = "1,2";
			};
			name = Debug;
		};
		4DCB49D41DAD51AC0058DAD6 /* Release */ = {
			isa = XCBuildConfiguration;
			buildSettings = {
				ALWAYS_SEARCH_USER_PATHS = NO;
				CLANG_ANALYZER_NONNULL = YES;
				CLANG_CXX_LANGUAGE_STANDARD = "gnu++0x";
				CLANG_CXX_LIBRARY = "libc++";
				CLANG_ENABLE_MODULES = YES;
				CLANG_ENABLE_OBJC_ARC = YES;
				CLANG_WARN_BOOL_CONVERSION = YES;
				CLANG_WARN_CONSTANT_CONVERSION = YES;
				CLANG_WARN_DIRECT_OBJC_ISA_USAGE = YES_ERROR;
				CLANG_WARN_EMPTY_BODY = YES;
				CLANG_WARN_ENUM_CONVERSION = YES;
				CLANG_WARN_INT_CONVERSION = YES;
				CLANG_WARN_OBJC_ROOT_CLASS = YES_ERROR;
				CLANG_WARN_UNREACHABLE_CODE = YES;
				CLANG_WARN__DUPLICATE_METHOD_MATCH = YES;
				"CODE_SIGN_IDENTITY[sdk=iphoneos*]" = "iPhone Developer";
				COPY_PHASE_STRIP = NO;
				DEBUG_INFORMATION_FORMAT = "dwarf-with-dsym";
				ENABLE_NS_ASSERTIONS = NO;
				ENABLE_STRICT_OBJC_MSGSEND = YES;
				GCC_C_LANGUAGE_STANDARD = gnu99;
				GCC_NO_COMMON_BLOCKS = YES;
				GCC_WARN_64_TO_32_BIT_CONVERSION = YES;
				GCC_WARN_ABOUT_RETURN_TYPE = YES_ERROR;
				GCC_WARN_UNDECLARED_SELECTOR = YES;
				GCC_WARN_UNINITIALIZED_AUTOS = YES_AGGRESSIVE;
				GCC_WARN_UNUSED_FUNCTION = YES;
				GCC_WARN_UNUSED_VARIABLE = YES;
				IPHONEOS_DEPLOYMENT_TARGET = 9.3;
				MTL_ENABLE_DEBUG_INFO = NO;
				SDKROOT = iphoneos;
				TARGETED_DEVICE_FAMILY = "1,2";
				VALIDATE_PRODUCT = YES;
			};
			name = Release;
		};
		4DCB49D61DAD51AC0058DAD6 /* Debug */ = {
			isa = XCBuildConfiguration;
			buildSettings = {
				ASSETCATALOG_COMPILER_APPICON_NAME = AppIcon;
				INFOPLIST_FILE = GoEuroSample/Info.plist;
				LD_RUNPATH_SEARCH_PATHS = "$(inherited) @executable_path/Frameworks";
				PRODUCT_BUNDLE_IDENTIFIER = JoeMathews.GoEuroSample;
				PRODUCT_NAME = "$(TARGET_NAME)";
			};
			name = Debug;
		};
		4DCB49D71DAD51AC0058DAD6 /* Release */ = {
			isa = XCBuildConfiguration;
			buildSettings = {
				ASSETCATALOG_COMPILER_APPICON_NAME = AppIcon;
				INFOPLIST_FILE = GoEuroSample/Info.plist;
				LD_RUNPATH_SEARCH_PATHS = "$(inherited) @executable_path/Frameworks";
				PRODUCT_BUNDLE_IDENTIFIER = JoeMathews.GoEuroSample;
				PRODUCT_NAME = "$(TARGET_NAME)";
			};
			name = Release;
		};
		4DCB49D91DAD51AC0058DAD6 /* Debug */ = {
			isa = XCBuildConfiguration;
			buildSettings = {
				BUNDLE_LOADER = "$(TEST_HOST)";
				INFOPLIST_FILE = GoEuroSampleTests/Info.plist;
				LD_RUNPATH_SEARCH_PATHS = "$(inherited) @executable_path/Frameworks @loader_path/Frameworks";
				PRODUCT_BUNDLE_IDENTIFIER = JoeMathews.GoEuroSampleTests;
				PRODUCT_NAME = "$(TARGET_NAME)";
				TEST_HOST = "$(BUILT_PRODUCTS_DIR)/GoEuroSample.app/GoEuroSample";
			};
			name = Debug;
		};
		4DCB49DA1DAD51AC0058DAD6 /* Release */ = {
			isa = XCBuildConfiguration;
			buildSettings = {
				BUNDLE_LOADER = "$(TEST_HOST)";
				INFOPLIST_FILE = GoEuroSampleTests/Info.plist;
				LD_RUNPATH_SEARCH_PATHS = "$(inherited) @executable_path/Frameworks @loader_path/Frameworks";
				PRODUCT_BUNDLE_IDENTIFIER = JoeMathews.GoEuroSampleTests;
				PRODUCT_NAME = "$(TARGET_NAME)";
				TEST_HOST = "$(BUILT_PRODUCTS_DIR)/GoEuroSample.app/GoEuroSample";
			};
			name = Release;
		};
		4DCB49DC1DAD51AC0058DAD6 /* Debug */ = {
			isa = XCBuildConfiguration;
			buildSettings = {
				INFOPLIST_FILE = GoEuroSampleUITests/Info.plist;
				LD_RUNPATH_SEARCH_PATHS = "$(inherited) @executable_path/Frameworks @loader_path/Frameworks";
				PRODUCT_BUNDLE_IDENTIFIER = JoeMathews.GoEuroSampleUITests;
				PRODUCT_NAME = "$(TARGET_NAME)";
				TEST_TARGET_NAME = GoEuroSample;
			};
			name = Debug;
		};
		4DCB49DD1DAD51AC0058DAD6 /* Release */ = {
			isa = XCBuildConfiguration;
			buildSettings = {
				INFOPLIST_FILE = GoEuroSampleUITests/Info.plist;
				LD_RUNPATH_SEARCH_PATHS = "$(inherited) @executable_path/Frameworks @loader_path/Frameworks";
				PRODUCT_BUNDLE_IDENTIFIER = JoeMathews.GoEuroSampleUITests;
				PRODUCT_NAME = "$(TARGET_NAME)";
				TEST_TARGET_NAME = GoEuroSample;
			};
			name = Release;
		};
/* End XCBuildConfiguration section */

/* Begin XCConfigurationList section */
		4DCB49A31DAD51AC0058DAD6 /* Build configuration list for PBXProject "GoEuroSample" */ = {
			isa = XCConfigurationList;
			buildConfigurations = (
				4DCB49D31DAD51AC0058DAD6 /* Debug */,
				4DCB49D41DAD51AC0058DAD6 /* Release */,
			);
			defaultConfigurationIsVisible = 0;
			defaultConfigurationName = Release;
		};
		4DCB49D51DAD51AC0058DAD6 /* Build configuration list for PBXNativeTarget "GoEuroSample" */ = {
			isa = XCConfigurationList;
			buildConfigurations = (
				4DCB49D61DAD51AC0058DAD6 /* Debug */,
				4DCB49D71DAD51AC0058DAD6 /* Release */,
			);
			defaultConfigurationIsVisible = 0;
		};
		4DCB49D81DAD51AC0058DAD6 /* Build configuration list for PBXNativeTarget "GoEuroSampleTests" */ = {
			isa = XCConfigurationList;
			buildConfigurations = (
				4DCB49D91DAD51AC0058DAD6 /* Debug */,
				4DCB49DA1DAD51AC0058DAD6 /* Release */,
			);
			defaultConfigurationIsVisible = 0;
		};
		4DCB49DB1DAD51AC0058DAD6 /* Build configuration list for PBXNativeTarget "GoEuroSampleUITests" */ = {
			isa = XCConfigurationList;
			buildConfigurations = (
				4DCB49DC1DAD51AC0058DAD6 /* Debug */,
				4DCB49DD1DAD51AC0058DAD6 /* Release */,
			);
			defaultConfigurationIsVisible = 0;
		};
/* End XCConfigurationList section */
	};
	rootObject = 4DCB49A01DAD51AC0058DAD6 /* Project object */;
}
